
Microsoft Visual Studio Solution File, Format Version 12.00
# Visual Studio Version 17
VisualStudioVersion = 17.11.35312.102
MinimumVisualStudioVersion = 10.0.40219.1
Project("{FAE04EC0-301F-11D3-BF4B-00C04F79EFBC}") = "threads", "threads.csproj", "{509AC802-49DD-4C12-884F-90050F24AEC6}"
EndProject
Global
	GlobalSection(SolutionConfigurationPlatforms) = preSolution
		Debug|Any CPU = Debug|Any CPU
		Release|Any CPU = Release|Any CPU
	EndGlobalSection
	GlobalSection(ProjectConfigurationPlatforms) = postSolution
		{509AC802-49DD-4C12-884F-90050F24AEC6}.Debug|Any CPU.ActiveCfg = Debug|Any CPU
		{509AC802-49DD-4C12-884F-90050F24AEC6}.Debug|Any CPU.Build.0 = Debug|Any CPU
		{509AC802-49DD-4C12-884F-90050F24AEC6}.Release|Any CPU.ActiveCfg = Release|Any CPU
		{509AC802-49DD-4C12-884F-90050F24AEC6}.Release|Any CPU.Build.0 = Release|Any CPU
	EndGlobalSection
	GlobalSection(SolutionProperties) = preSolution
		HideSolutionNode = FALSE
	EndGlobalSection
	GlobalSection(ExtensibilityGlobals) = postSolution
		SolutionGuid = {2972FE7F-B60D-4B3F-BB1B-2BCB87FA48BD}
	EndGlobalSection
EndGlobal
